
Microsoft Visual Studio Solution File, Format Version 12.00
# Visual Studio Version 16
VisualStudioVersion = 16.0.30114.105
MinimumVisualStudioVersion = 10.0.40219.1
Project("{2150E333-8FDC-42A3-9474-1A3956D46DE8}") = "BooksShop.Catalog", "BooksShop.Catalog", "{03A11614-E68E-4BD9-8C6D-CC4DE3203269}"
EndProject
Project("{FAE04EC0-301F-11D3-BF4B-00C04F79EFBC}") = "BooksShop.Catalog.Application", "BooksShop.Catalog\BooksShop.Catalog.Application\BooksShop.Catalog.Application.csproj", "{C34D452B-4C2D-4AF5-83A3-92A6BA0F5D23}"
EndProject
Project("{FAE04EC0-301F-11D3-BF4B-00C04F79EFBC}") = "BooksShop.Catalog.API", "BooksShop.Catalog\BooksShop.Catalog.API\BooksShop.Catalog.API.csproj", "{5856DE13-A9BB-4D8A-8B49-6B6500C9D582}"
EndProject
Project("{FAE04EC0-301F-11D3-BF4B-00C04F79EFBC}") = "BooksShop.Catalog.Domain", "BooksShop.Catalog\BooksShop.Catalog.Domain\BooksShop.Catalog.Domain.csproj", "{1FC15A2E-0AFD-43B4-B51F-422143993C03}"
EndProject
Project("{FAE04EC0-301F-11D3-BF4B-00C04F79EFBC}") = "BooksShop.Catalog.Repository", "BooksShop.Catalog\BooksShop.Catalog.Repository\BooksShop.Catalog.Repository.csproj", "{F0D15B3A-3D47-4665-BE7A-B67010E601AD}"
EndProject
Project("{2150E333-8FDC-42A3-9474-1A3956D46DE8}") = "BooksShop.Basket", "BooksShop.Basket", "{47991A10-7997-4DB1-A1F0-B5A5E5F861D4}"
EndProject
Project("{FAE04EC0-301F-11D3-BF4B-00C04F79EFBC}") = "BooksShop.Basket.API", "BooksShop.Basket\BooksShop.Basket.API\BooksShop.Basket.API.csproj", "{51775226-7EB2-454E-B19D-2684884B78AB}"
EndProject
Project("{FAE04EC0-301F-11D3-BF4B-00C04F79EFBC}") = "BooksShop.Basket.Domain", "BooksShop.Basket\BooksShop.Basket.Domain\BooksShop.Basket.Domain.csproj", "{6C599FA8-6D63-48C3-907E-952BF638EA94}"
EndProject
Project("{FAE04EC0-301F-11D3-BF4B-00C04F79EFBC}") = "BooksShop.Basket.Repository", "BooksShop.Basket\BooksShop.Basket.Repository\BooksShop.Basket.Repository.csproj", "{C5646718-601F-433B-BC81-6502623C16E2}"
EndProject
Project("{2150E333-8FDC-42A3-9474-1A3956D46DE8}") = "BooksShop.Discount", "BooksShop.Discount", "{1330C67C-7CB5-4A04-A4BD-08BAC432F2F2}"
EndProject
Project("{FAE04EC0-301F-11D3-BF4B-00C04F79EFBC}") = "BooksShop.Discount.API", "BooksShop.Discount\BooksShop.Discount.API\BooksShop.Discount.API.csproj", "{D3F92393-A6F3-4DC8-B839-974D4344ED8D}"
EndProject
Project("{FAE04EC0-301F-11D3-BF4B-00C04F79EFBC}") = "BooksShop.Discount.Repository", "BooksShop.Discount\BooksShop.Discount.Repository\BooksShop.Discount.Repository.csproj", "{2EC80BD4-03B8-4720-AE81-B300DA180BD4}"
EndProject
Project("{FAE04EC0-301F-11D3-BF4B-00C04F79EFBC}") = "BooksShop.Discount.Domain", "BooksShop.Discount\BooksShop.Discount.Domain\BooksShop.Discount.Domain.csproj", "{506052B3-DADE-4A2F-BF46-74AF0C0027FE}"
EndProject
Project("{FAE04EC0-301F-11D3-BF4B-00C04F79EFBC}") = "BooksShop.Catalog.Infra", "BooksShop.Catalog\BooksShop.Catalog.Infra\BooksShop.Catalog.Infra.csproj", "{8000C4FA-609F-4395-895F-4A2DB1FB585E}"
EndProject
Project("{FAE04EC0-301F-11D3-BF4B-00C04F79EFBC}") = "BooksShop.Catalog.External", "BooksShop.Catalog\BooksShop.Catalog.External\BooksShop.Catalog.External.csproj", "{AFD3AF7A-1152-4BA5-BFE5-8968AAA1B3D8}"
EndProject
Global
	GlobalSection(SolutionConfigurationPlatforms) = preSolution
		Debug|Any CPU = Debug|Any CPU
		Release|Any CPU = Release|Any CPU
	EndGlobalSection
	GlobalSection(SolutionProperties) = preSolution
		HideSolutionNode = FALSE
	EndGlobalSection
	GlobalSection(ProjectConfigurationPlatforms) = postSolution
		{C34D452B-4C2D-4AF5-83A3-92A6BA0F5D23}.Debug|Any CPU.ActiveCfg = Debug|Any CPU
		{C34D452B-4C2D-4AF5-83A3-92A6BA0F5D23}.Debug|Any CPU.Build.0 = Debug|Any CPU
		{C34D452B-4C2D-4AF5-83A3-92A6BA0F5D23}.Release|Any CPU.ActiveCfg = Release|Any CPU
		{C34D452B-4C2D-4AF5-83A3-92A6BA0F5D23}.Release|Any CPU.Build.0 = Release|Any CPU
		{5856DE13-A9BB-4D8A-8B49-6B6500C9D582}.Debug|Any CPU.ActiveCfg = Debug|Any CPU
		{5856DE13-A9BB-4D8A-8B49-6B6500C9D582}.Debug|Any CPU.Build.0 = Debug|Any CPU
		{5856DE13-A9BB-4D8A-8B49-6B6500C9D582}.Release|Any CPU.ActiveCfg = Release|Any CPU
		{5856DE13-A9BB-4D8A-8B49-6B6500C9D582}.Release|Any CPU.Build.0 = Release|Any CPU
		{1FC15A2E-0AFD-43B4-B51F-422143993C03}.Debug|Any CPU.ActiveCfg = Debug|Any CPU
		{1FC15A2E-0AFD-43B4-B51F-422143993C03}.Debug|Any CPU.Build.0 = Debug|Any CPU
		{1FC15A2E-0AFD-43B4-B51F-422143993C03}.Release|Any CPU.ActiveCfg = Release|Any CPU
		{1FC15A2E-0AFD-43B4-B51F-422143993C03}.Release|Any CPU.Build.0 = Release|Any CPU
		{F0D15B3A-3D47-4665-BE7A-B67010E601AD}.Debug|Any CPU.ActiveCfg = Debug|Any CPU
		{F0D15B3A-3D47-4665-BE7A-B67010E601AD}.Debug|Any CPU.Build.0 = Debug|Any CPU
		{F0D15B3A-3D47-4665-BE7A-B67010E601AD}.Release|Any CPU.ActiveCfg = Release|Any CPU
		{F0D15B3A-3D47-4665-BE7A-B67010E601AD}.Release|Any CPU.Build.0 = Release|Any CPU
		{51775226-7EB2-454E-B19D-2684884B78AB}.Debug|Any CPU.ActiveCfg = Debug|Any CPU
		{51775226-7EB2-454E-B19D-2684884B78AB}.Debug|Any CPU.Build.0 = Debug|Any CPU
		{51775226-7EB2-454E-B19D-2684884B78AB}.Release|Any CPU.ActiveCfg = Release|Any CPU
		{51775226-7EB2-454E-B19D-2684884B78AB}.Release|Any CPU.Build.0 = Release|Any CPU
		{6C599FA8-6D63-48C3-907E-952BF638EA94}.Debug|Any CPU.ActiveCfg = Debug|Any CPU
		{6C599FA8-6D63-48C3-907E-952BF638EA94}.Debug|Any CPU.Build.0 = Debug|Any CPU
		{6C599FA8-6D63-48C3-907E-952BF638EA94}.Release|Any CPU.ActiveCfg = Release|Any CPU
		{6C599FA8-6D63-48C3-907E-952BF638EA94}.Release|Any CPU.Build.0 = Release|Any CPU
		{C5646718-601F-433B-BC81-6502623C16E2}.Debug|Any CPU.ActiveCfg = Debug|Any CPU
		{C5646718-601F-433B-BC81-6502623C16E2}.Debug|Any CPU.Build.0 = Debug|Any CPU
		{C5646718-601F-433B-BC81-6502623C16E2}.Release|Any CPU.ActiveCfg = Release|Any CPU
		{C5646718-601F-433B-BC81-6502623C16E2}.Release|Any CPU.Build.0 = Release|Any CPU
		{D3F92393-A6F3-4DC8-B839-974D4344ED8D}.Debug|Any CPU.ActiveCfg = Debug|Any CPU
		{D3F92393-A6F3-4DC8-B839-974D4344ED8D}.Debug|Any CPU.Build.0 = Debug|Any CPU
		{D3F92393-A6F3-4DC8-B839-974D4344ED8D}.Release|Any CPU.ActiveCfg = Release|Any CPU
		{D3F92393-A6F3-4DC8-B839-974D4344ED8D}.Release|Any CPU.Build.0 = Release|Any CPU
		{2EC80BD4-03B8-4720-AE81-B300DA180BD4}.Debug|Any CPU.ActiveCfg = Debug|Any CPU
		{2EC80BD4-03B8-4720-AE81-B300DA180BD4}.Debug|Any CPU.Build.0 = Debug|Any CPU
		{2EC80BD4-03B8-4720-AE81-B300DA180BD4}.Release|Any CPU.ActiveCfg = Release|Any CPU
		{2EC80BD4-03B8-4720-AE81-B300DA180BD4}.Release|Any CPU.Build.0 = Release|Any CPU
		{506052B3-DADE-4A2F-BF46-74AF0C0027FE}.Debug|Any CPU.ActiveCfg = Debug|Any CPU
		{506052B3-DADE-4A2F-BF46-74AF0C0027FE}.Debug|Any CPU.Build.0 = Debug|Any CPU
		{506052B3-DADE-4A2F-BF46-74AF0C0027FE}.Release|Any CPU.ActiveCfg = Release|Any CPU
		{506052B3-DADE-4A2F-BF46-74AF0C0027FE}.Release|Any CPU.Build.0 = Release|Any CPU
		{8000C4FA-609F-4395-895F-4A2DB1FB585E}.Debug|Any CPU.ActiveCfg = Debug|Any CPU
		{8000C4FA-609F-4395-895F-4A2DB1FB585E}.Debug|Any CPU.Build.0 = Debug|Any CPU
		{8000C4FA-609F-4395-895F-4A2DB1FB585E}.Release|Any CPU.ActiveCfg = Release|Any CPU
		{8000C4FA-609F-4395-895F-4A2DB1FB585E}.Release|Any CPU.Build.0 = Release|Any CPU
		{AFD3AF7A-1152-4BA5-BFE5-8968AAA1B3D8}.Debug|Any CPU.ActiveCfg = Debug|Any CPU
		{AFD3AF7A-1152-4BA5-BFE5-8968AAA1B3D8}.Debug|Any CPU.Build.0 = Debug|Any CPU
		{AFD3AF7A-1152-4BA5-BFE5-8968AAA1B3D8}.Release|Any CPU.ActiveCfg = Release|Any CPU
		{AFD3AF7A-1152-4BA5-BFE5-8968AAA1B3D8}.Release|Any CPU.Build.0 = Release|Any CPU
	EndGlobalSection
	GlobalSection(NestedProjects) = preSolution
		{C34D452B-4C2D-4AF5-83A3-92A6BA0F5D23} = {03A11614-E68E-4BD9-8C6D-CC4DE3203269}
		{5856DE13-A9BB-4D8A-8B49-6B6500C9D582} = {03A11614-E68E-4BD9-8C6D-CC4DE3203269}
		{1FC15A2E-0AFD-43B4-B51F-422143993C03} = {03A11614-E68E-4BD9-8C6D-CC4DE3203269}
		{F0D15B3A-3D47-4665-BE7A-B67010E601AD} = {03A11614-E68E-4BD9-8C6D-CC4DE3203269}
		{51775226-7EB2-454E-B19D-2684884B78AB} = {47991A10-7997-4DB1-A1F0-B5A5E5F861D4}
		{6C599FA8-6D63-48C3-907E-952BF638EA94} = {47991A10-7997-4DB1-A1F0-B5A5E5F861D4}
		{C5646718-601F-433B-BC81-6502623C16E2} = {47991A10-7997-4DB1-A1F0-B5A5E5F861D4}
		{D3F92393-A6F3-4DC8-B839-974D4344ED8D} = {1330C67C-7CB5-4A04-A4BD-08BAC432F2F2}
		{2EC80BD4-03B8-4720-AE81-B300DA180BD4} = {1330C67C-7CB5-4A04-A4BD-08BAC432F2F2}
		{506052B3-DADE-4A2F-BF46-74AF0C0027FE} = {1330C67C-7CB5-4A04-A4BD-08BAC432F2F2}
		{8000C4FA-609F-4395-895F-4A2DB1FB585E} = {03A11614-E68E-4BD9-8C6D-CC4DE3203269}
		{AFD3AF7A-1152-4BA5-BFE5-8968AAA1B3D8} = {03A11614-E68E-4BD9-8C6D-CC4DE3203269}
	EndGlobalSection
EndGlobal
